
Microsoft Visual Studio Solution File, Format Version 12.00
# Visual Studio Version 17
VisualStudioVersion = 17.8.34408.163
MinimumVisualStudioVersion = 10.0.40219.1
Project("{2150E333-8FDC-42A3-9474-1A3956D46DE8}") = "0-Enterprise Business Rules", "0-Enterprise Business Rules", "{8CF79179-D34E-4077-8550-E34B923655D9}"
EndProject
Project("{2150E333-8FDC-42A3-9474-1A3956D46DE8}") = "1-Application Business Rules", "1-Application Business Rules", "{1C57695F-8241-47FE-9B99-49EA50CC862C}"
EndProject
Project("{2150E333-8FDC-42A3-9474-1A3956D46DE8}") = "2-Interface Adapters", "2-Interface Adapters", "{4681ADA5-5E59-441E-AEF2-F52AF19627E3}"
EndProject
Project("{2150E333-8FDC-42A3-9474-1A3956D46DE8}") = "3-Frameworks And Drivers", "3-Frameworks And Drivers", "{6B7CEE14-074C-4BB4-B691-00B68EC90916}"
EndProject
Project("{2150E333-8FDC-42A3-9474-1A3956D46DE8}") = "UnitTestProject", "UnitTestProject", "{1C07F8C9-0F38-4EBB-8D12-C481F0989296}"
EndProject
Project("{2150E333-8FDC-42A3-9474-1A3956D46DE8}") = "Controllers", "Controllers", "{0F9F6983-FFC3-49E4-B309-AA7CDD97C07E}"
EndProject
Project("{2150E333-8FDC-42A3-9474-1A3956D46DE8}") = "Gateways", "Gateways", "{4CE4A5EB-87E0-49A1-A007-A022784E1D0E}"
EndProject
Project("{2150E333-8FDC-42A3-9474-1A3956D46DE8}") = "Presenters", "Presenters", "{5005D00D-7569-4FE7-8650-346C4079D457}"
EndProject
Project("{9A19103F-16F7-4668-BE54-9A1E7A4F7556}") = "ChallengeAPI.BusinessObjects", "ChallengeN5.BusinessObjects\ChallengeAPI.BusinessObjects.csproj", "{47764DBC-5D0A-4781-9E8A-854C3A428E08}"
EndProject
Project("{9A19103F-16F7-4668-BE54-9A1E7A4F7556}") = "ChallengeAPI.RepositoryEFCore", "ChallengeN5.RepositoryEFCore\ChallengeAPI.RepositoryEFCore.csproj", "{CBD0A63B-71E6-48DE-9A52-A24ECE8EFC4F}"
EndProject
Project("{9A19103F-16F7-4668-BE54-9A1E7A4F7556}") = "ChallengeAPI.DTOs", "ChallengeN5.DTOs\ChallengeAPI.DTOs.csproj", "{F8AE3C70-B291-4F85-8295-326E033EF937}"
EndProject
Project("{9A19103F-16F7-4668-BE54-9A1E7A4F7556}") = "ChallengeAPI.UseCases", "ChallengeN5.UseCases\ChallengeAPI.UseCases.csproj", "{E617AA47-A242-4EA4-8764-2B5B1E7279F9}"
EndProject
Project("{9A19103F-16F7-4668-BE54-9A1E7A4F7556}") = "ChallengeAPI.IoC", "ChallengeN5.IoC\ChallengeAPI.IoC.csproj", "{7BC3A76B-A5BE-4EFF-8E9B-3ED3182294B1}"
EndProject
Project("{9A19103F-16F7-4668-BE54-9A1E7A4F7556}") = "ChallengeAPI.Controllers", "ChallengeN5.Controllers\ChallengeAPI.Controllers.csproj", "{FF3487B0-6225-4E3C-8951-B5AAFC306E8C}"
EndProject
Project("{9A19103F-16F7-4668-BE54-9A1E7A4F7556}") = "ChallengeAPI.Presenters", "ChallengeN5.Presenters\ChallengeAPI.Presenters.csproj", "{FBC3B665-6A77-4713-9D09-0BE6368D7EAD}"
EndProject
Project("{9A19103F-16F7-4668-BE54-9A1E7A4F7556}") = "ChallengeAPI.WebApi", "ChallengeN5.WebApi\ChallengeAPI.WebApi.csproj", "{EB9A8A41-6102-4D71-9774-7CD88AD3DFE8}"
EndProject
Project("{9A19103F-16F7-4668-BE54-9A1E7A4F7556}") = "ChallengeAPI.Kafka", "ChallengeAPI.Kafka\ChallengeAPI.Kafka.csproj", "{3C99E166-7CA8-4F55-AD76-A228F72D0F27}"
EndProject
Project("{9A19103F-16F7-4668-BE54-9A1E7A4F7556}") = "ChallengeAPI.Elasticsearch", "ChallengeN5.Elasticsearch\ChallengeAPI.Elasticsearch.csproj", "{BD96C4E3-EEDB-43AC-A7AF-486108140A45}"
EndProject
Project("{9A19103F-16F7-4668-BE54-9A1E7A4F7556}") = "ChallengeAPI.LogService", "ChallengeAPI.Log\ChallengeAPI.LogService.csproj", "{94A78F90-14BE-49B4-9769-9706F7D232BC}"
EndProject
Project("{2150E333-8FDC-42A3-9474-1A3956D46DE8}") = "Tests", "Tests", "{E2762DE3-0EF3-4D6B-AF09-6F818BCD547C}"
EndProject
Project("{FAE04EC0-301F-11D3-BF4B-00C04F79EFBC}") = "ChallengeAPI.Tests", "ChallengeAPI.Tests\ChallengeAPI.Tests.csproj", "{5EA24A77-CD55-49C1-96A7-8F1E30FAC7D5}"
EndProject
Global
	GlobalSection(SolutionConfigurationPlatforms) = preSolution
		Debug|Any CPU = Debug|Any CPU
		Release|Any CPU = Release|Any CPU
	EndGlobalSection
	GlobalSection(ProjectConfigurationPlatforms) = postSolution
		{47764DBC-5D0A-4781-9E8A-854C3A428E08}.Debug|Any CPU.ActiveCfg = Debug|Any CPU
		{47764DBC-5D0A-4781-9E8A-854C3A428E08}.Debug|Any CPU.Build.0 = Debug|Any CPU
		{47764DBC-5D0A-4781-9E8A-854C3A428E08}.Release|Any CPU.ActiveCfg = Release|Any CPU
		{47764DBC-5D0A-4781-9E8A-854C3A428E08}.Release|Any CPU.Build.0 = Release|Any CPU
		{CBD0A63B-71E6-48DE-9A52-A24ECE8EFC4F}.Debug|Any CPU.ActiveCfg = Debug|Any CPU
		{CBD0A63B-71E6-48DE-9A52-A24ECE8EFC4F}.Debug|Any CPU.Build.0 = Debug|Any CPU
		{CBD0A63B-71E6-48DE-9A52-A24ECE8EFC4F}.Release|Any CPU.ActiveCfg = Release|Any CPU
		{CBD0A63B-71E6-48DE-9A52-A24ECE8EFC4F}.Release|Any CPU.Build.0 = Release|Any CPU
		{F8AE3C70-B291-4F85-8295-326E033EF937}.Debug|Any CPU.ActiveCfg = Debug|Any CPU
		{F8AE3C70-B291-4F85-8295-326E033EF937}.Debug|Any CPU.Build.0 = Debug|Any CPU
		{F8AE3C70-B291-4F85-8295-326E033EF937}.Release|Any CPU.ActiveCfg = Release|Any CPU
		{F8AE3C70-B291-4F85-8295-326E033EF937}.Release|Any CPU.Build.0 = Release|Any CPU
		{E617AA47-A242-4EA4-8764-2B5B1E7279F9}.Debug|Any CPU.ActiveCfg = Debug|Any CPU
		{E617AA47-A242-4EA4-8764-2B5B1E7279F9}.Debug|Any CPU.Build.0 = Debug|Any CPU
		{E617AA47-A242-4EA4-8764-2B5B1E7279F9}.Release|Any CPU.ActiveCfg = Release|Any CPU
		{E617AA47-A242-4EA4-8764-2B5B1E7279F9}.Release|Any CPU.Build.0 = Release|Any CPU
		{7BC3A76B-A5BE-4EFF-8E9B-3ED3182294B1}.Debug|Any CPU.ActiveCfg = Debug|Any CPU
		{7BC3A76B-A5BE-4EFF-8E9B-3ED3182294B1}.Debug|Any CPU.Build.0 = Debug|Any CPU
		{7BC3A76B-A5BE-4EFF-8E9B-3ED3182294B1}.Release|Any CPU.ActiveCfg = Release|Any CPU
		{7BC3A76B-A5BE-4EFF-8E9B-3ED3182294B1}.Release|Any CPU.Build.0 = Release|Any CPU
		{FF3487B0-6225-4E3C-8951-B5AAFC306E8C}.Debug|Any CPU.ActiveCfg = Debug|Any CPU
		{FF3487B0-6225-4E3C-8951-B5AAFC306E8C}.Debug|Any CPU.Build.0 = Debug|Any CPU
		{FF3487B0-6225-4E3C-8951-B5AAFC306E8C}.Release|Any CPU.ActiveCfg = Release|Any CPU
		{FF3487B0-6225-4E3C-8951-B5AAFC306E8C}.Release|Any CPU.Build.0 = Release|Any CPU
		{FBC3B665-6A77-4713-9D09-0BE6368D7EAD}.Debug|Any CPU.ActiveCfg = Debug|Any CPU
		{FBC3B665-6A77-4713-9D09-0BE6368D7EAD}.Debug|Any CPU.Build.0 = Debug|Any CPU
		{FBC3B665-6A77-4713-9D09-0BE6368D7EAD}.Release|Any CPU.ActiveCfg = Release|Any CPU
		{FBC3B665-6A77-4713-9D09-0BE6368D7EAD}.Release|Any CPU.Build.0 = Release|Any CPU
		{EB9A8A41-6102-4D71-9774-7CD88AD3DFE8}.Debug|Any CPU.ActiveCfg = Debug|Any CPU
		{EB9A8A41-6102-4D71-9774-7CD88AD3DFE8}.Debug|Any CPU.Build.0 = Debug|Any CPU
		{EB9A8A41-6102-4D71-9774-7CD88AD3DFE8}.Release|Any CPU.ActiveCfg = Release|Any CPU
		{EB9A8A41-6102-4D71-9774-7CD88AD3DFE8}.Release|Any CPU.Build.0 = Release|Any CPU
		{3C99E166-7CA8-4F55-AD76-A228F72D0F27}.Debug|Any CPU.ActiveCfg = Debug|Any CPU
		{3C99E166-7CA8-4F55-AD76-A228F72D0F27}.Debug|Any CPU.Build.0 = Debug|Any CPU
		{3C99E166-7CA8-4F55-AD76-A228F72D0F27}.Release|Any CPU.ActiveCfg = Release|Any CPU
		{3C99E166-7CA8-4F55-AD76-A228F72D0F27}.Release|Any CPU.Build.0 = Release|Any CPU
		{BD96C4E3-EEDB-43AC-A7AF-486108140A45}.Debug|Any CPU.ActiveCfg = Debug|Any CPU
		{BD96C4E3-EEDB-43AC-A7AF-486108140A45}.Debug|Any CPU.Build.0 = Debug|Any CPU
		{BD96C4E3-EEDB-43AC-A7AF-486108140A45}.Release|Any CPU.ActiveCfg = Release|Any CPU
		{BD96C4E3-EEDB-43AC-A7AF-486108140A45}.Release|Any CPU.Build.0 = Release|Any CPU
		{94A78F90-14BE-49B4-9769-9706F7D232BC}.Debug|Any CPU.ActiveCfg = Debug|Any CPU
		{94A78F90-14BE-49B4-9769-9706F7D232BC}.Debug|Any CPU.Build.0 = Debug|Any CPU
		{94A78F90-14BE-49B4-9769-9706F7D232BC}.Release|Any CPU.ActiveCfg = Release|Any CPU
		{94A78F90-14BE-49B4-9769-9706F7D232BC}.Release|Any CPU.Build.0 = Release|Any CPU
		{5EA24A77-CD55-49C1-96A7-8F1E30FAC7D5}.Debug|Any CPU.ActiveCfg = Debug|Any CPU
		{5EA24A77-CD55-49C1-96A7-8F1E30FAC7D5}.Debug|Any CPU.Build.0 = Debug|Any CPU
		{5EA24A77-CD55-49C1-96A7-8F1E30FAC7D5}.Release|Any CPU.ActiveCfg = Release|Any CPU
		{5EA24A77-CD55-49C1-96A7-8F1E30FAC7D5}.Release|Any CPU.Build.0 = Release|Any CPU
	EndGlobalSection
	GlobalSection(SolutionProperties) = preSolution
		HideSolutionNode = FALSE
	EndGlobalSection
	GlobalSection(NestedProjects) = preSolution
		{0F9F6983-FFC3-49E4-B309-AA7CDD97C07E} = {4681ADA5-5E59-441E-AEF2-F52AF19627E3}
		{4CE4A5EB-87E0-49A1-A007-A022784E1D0E} = {4681ADA5-5E59-441E-AEF2-F52AF19627E3}
		{5005D00D-7569-4FE7-8650-346C4079D457} = {4681ADA5-5E59-441E-AEF2-F52AF19627E3}
		{47764DBC-5D0A-4781-9E8A-854C3A428E08} = {8CF79179-D34E-4077-8550-E34B923655D9}
		{CBD0A63B-71E6-48DE-9A52-A24ECE8EFC4F} = {4CE4A5EB-87E0-49A1-A007-A022784E1D0E}
		{F8AE3C70-B291-4F85-8295-326E033EF937} = {1C57695F-8241-47FE-9B99-49EA50CC862C}
		{E617AA47-A242-4EA4-8764-2B5B1E7279F9} = {1C57695F-8241-47FE-9B99-49EA50CC862C}
		{7BC3A76B-A5BE-4EFF-8E9B-3ED3182294B1} = {4CE4A5EB-87E0-49A1-A007-A022784E1D0E}
		{FF3487B0-6225-4E3C-8951-B5AAFC306E8C} = {0F9F6983-FFC3-49E4-B309-AA7CDD97C07E}
		{FBC3B665-6A77-4713-9D09-0BE6368D7EAD} = {5005D00D-7569-4FE7-8650-346C4079D457}
		{EB9A8A41-6102-4D71-9774-7CD88AD3DFE8} = {6B7CEE14-074C-4BB4-B691-00B68EC90916}
		{3C99E166-7CA8-4F55-AD76-A228F72D0F27} = {4CE4A5EB-87E0-49A1-A007-A022784E1D0E}
		{BD96C4E3-EEDB-43AC-A7AF-486108140A45} = {4CE4A5EB-87E0-49A1-A007-A022784E1D0E}
		{94A78F90-14BE-49B4-9769-9706F7D232BC} = {4CE4A5EB-87E0-49A1-A007-A022784E1D0E}
		{5EA24A77-CD55-49C1-96A7-8F1E30FAC7D5} = {E2762DE3-0EF3-4D6B-AF09-6F818BCD547C}
	EndGlobalSection
	GlobalSection(ExtensibilityGlobals) = postSolution
		SolutionGuid = {ED57826D-E0A6-4F15-9826-16502C86B148}
	EndGlobalSection
EndGlobal
